
Microsoft Visual Studio Solution File, Format Version 12.00
Project("{FAE04EC0-301F-11D3-BF4B-00C04F79EFBC}") = "VEGASTAR", "UI\VEGASTAR.csproj", "{177CA0EE-FDE1-4AF7-94ED-7B37C8308195}"
EndProject
Project("{FAE04EC0-301F-11D3-BF4B-00C04F79EFBC}") = "MshaControls", "MshaControls\MshaControls.csproj", "{099D2F07-B070-430A-A49B-FFA692F194B2}"
EndProject
Global
	GlobalSection(SolutionConfigurationPlatforms) = preSolution
		Debug|Any CPU = Debug|Any CPU
		Release|Any CPU = Release|Any CPU
	EndGlobalSection
	GlobalSection(ProjectConfigurationPlatforms) = postSolution
		{177CA0EE-FDE1-4AF7-94ED-7B37C8308195}.Debug|Any CPU.ActiveCfg = Debug|Any CPU
		{177CA0EE-FDE1-4AF7-94ED-7B37C8308195}.Debug|Any CPU.Build.0 = Debug|Any CPU
		{177CA0EE-FDE1-4AF7-94ED-7B37C8308195}.Release|Any CPU.ActiveCfg = Release|Any CPU
		{177CA0EE-FDE1-4AF7-94ED-7B37C8308195}.Release|Any CPU.Build.0 = Release|Any CPU
		{099D2F07-B070-430A-A49B-FFA692F194B2}.Debug|Any CPU.ActiveCfg = Debug|Any CPU
		{099D2F07-B070-430A-A49B-FFA692F194B2}.Debug|Any CPU.Build.0 = Debug|Any CPU
		{099D2F07-B070-430A-A49B-FFA692F194B2}.Release|Any CPU.ActiveCfg = Release|Any CPU
		{099D2F07-B070-430A-A49B-FFA692F194B2}.Release|Any CPU.Build.0 = Release|Any CPU
	EndGlobalSection
EndGlobal
